// !$*UTF8*$!
{
	archiveVersion = 1;
	classes = {
	};
	objectVersion = 46;
	objects = {

/* Begin PBXBuildFile section */
		AABFDCDD1DFF37F00017EF64 /* AppDelegate.swift in Sources */ = {isa = PBXBuildFile; fileRef = AABFDCDC1DFF37F00017EF64 /* AppDelegate.swift */; };
		AABFDCDF1DFF37F00017EF64 /* ViewController.swift in Sources */ = {isa = PBXBuildFile; fileRef = AABFDCDE1DFF37F00017EF64 /* ViewController.swift */; };
		AABFDCE21DFF37F00017EF64 /* Main.storyboard in Resources */ = {isa = PBXBuildFile; fileRef = AABFDCE01DFF37F00017EF64 /* Main.storyboard */; };
		AABFDCE51DFF37F00017EF64 /* Recording_App.xcdatamodeld in Sources */ = {isa = PBXBuildFile; fileRef = AABFDCE31DFF37F00017EF64 /* Recording_App.xcdatamodeld */; };
		AABFDCE71DFF37F00017EF64 /* Assets.xcassets in Resources */ = {isa = PBXBuildFile; fileRef = AABFDCE61DFF37F00017EF64 /* Assets.xcassets */; };
		AABFDCEA1DFF37F00017EF64 /* LaunchScreen.storyboard in Resources */ = {isa = PBXBuildFile; fileRef = AABFDCE81DFF37F00017EF64 /* LaunchScreen.storyboard */; };
		AABFDCF21DFF38AC0017EF64 /* MobileCoreServices.framework in Frameworks */ = {isa = PBXBuildFile; fileRef = AABFDCF11DFF38AC0017EF64 /* MobileCoreServices.framework */; };
/* End PBXBuildFile section */

/* Begin PBXFileReference section */
		AABFDCD91DFF37F00017EF64 /* Recording App.app */ = {isa = PBXFileReference; explicitFileType = wrapper.application; includeInIndex = 0; path = "Recording App.app"; sourceTree = BUILT_PRODUCTS_DIR; };
		AABFDCDC1DFF37F00017EF64 /* AppDelegate.swift */ = {isa = PBXFileReference; lastKnownFileType = sourcecode.swift; path = AppDelegate.swift; sourceTree = "<group>"; };
		AABFDCDE1DFF37F00017EF64 /* ViewController.swift */ = {isa = PBXFileReference; lastKnownFileType = sourcecode.swift; path = ViewController.swift; sourceTree = "<group>"; };
		AABFDCE11DFF37F00017EF64 /* Base */ = {isa = PBXFileReference; lastKnownFileType = file.storyboard; name = Base; path = Base.lproj/Main.storyboard; sourceTree = "<group>"; };
		AABFDCE41DFF37F00017EF64 /* Recording_App.xcdatamodel */ = {isa = PBXFileReference; lastKnownFileType = wrapper.xcdatamodel; path = Recording_App.xcdatamodel; sourceTree = "<group>"; };
		AABFDCE61DFF37F00017EF64 /* Assets.xcassets */ = {isa = PBXFileReference; lastKnownFileType = folder.assetcatalog; path = Assets.xcassets; sourceTree = "<group>"; };
		AABFDCE91DFF37F00017EF64 /* Base */ = {isa = PBXFileReference; lastKnownFileType = file.storyboard; name = Base; path = Base.lproj/LaunchScreen.storyboard; sourceTree = "<group>"; };
		AABFDCEB1DFF37F00017EF64 /* Info.plist */ = {isa = PBXFileReference; lastKnownFileType = text.plist.xml; path = Info.plist; sourceTree = "<group>"; };
		AABFDCF11DFF38AC0017EF64 /* MobileCoreServices.framework */ = {isa = PBXFileReference; lastKnownFileType = wrapper.framework; name = MobileCoreServices.framework; path = System/Library/Frameworks/MobileCoreServices.framework; sourceTree = SDKROOT; };
/* End PBXFileReference section */

/* Begin PBXFrameworksBuildPhase section */
		AABFDCD61DFF37F00017EF64 /* Frameworks */ = {
			isa = PBXFrameworksBuildPhase;
			buildActionMask = 2147483647;
			files = (
				AABFDCF21DFF38AC0017EF64 /* MobileCoreServices.framework in Frameworks */,
			);
			runOnlyForDeploymentPostprocessing = 0;
		};
/* End PBXFrameworksBuildPhase section */

/* Begin PBXGroup section */
		AABFDCD01DFF37F00017EF64 = {
			isa = PBXGroup;
			children = (
				AABFDCF11DFF38AC0017EF64 /* MobileCoreServices.framework */,
				AABFDCDB1DFF37F00017EF64 /* Recording App */,
				AABFDCDA1DFF37F00017EF64 /* Products */,
			);
			sourceTree = "<group>";
		};
		AABFDCDA1DFF37F00017EF64 /* Products */ = {
			isa = PBXGroup;
			children = (
				AABFDCD91DFF37F00017EF64 /* Recording App.app */,
			);
			name = Products;
			sourceTree = "<group>";
		};
		AABFDCDB1DFF37F00017EF64 /* Recording App */ = {
			isa = PBXGroup;
			children = (
				AABFDCDC1DFF37F00017EF64 /* AppDelegate.swift */,
				AABFDCDE1DFF37F00017EF64 /* ViewController.swift */,
				AABFDCE01DFF37F00017EF64 /* Main.storyboard */,
				AABFDCE61DFF37F00017EF64 /* Assets.xcassets */,
				AABFDCE81DFF37F00017EF64 /* LaunchScreen.storyboard */,
				AABFDCEB1DFF37F00017EF64 /* Info.plist */,
				AABFDCE31DFF37F00017EF64 /* Recording_App.xcdatamodeld */,
			);
			path = "Recording App";
			sourceTree = "<group>";
		};
/* End PBXGroup section */

/* Begin PBXNativeTarget section */
		AABFDCD81DFF37F00017EF64 /* Recording App */ = {
			isa = PBXNativeTarget;
			buildConfigurationList = AABFDCEE1DFF37F00017EF64 /* Build configuration list for PBXNativeTarget "Recording App" */;
			buildPhases = (
				AABFDCD51DFF37F00017EF64 /* Sources */,
				AABFDCD61DFF37F00017EF64 /* Frameworks */,
				AABFDCD71DFF37F00017EF64 /* Resources */,
			);
			buildRules = (
			);
			dependencies = (
			);
			name = "Recording App";
			productName = "Recording App";
			productReference = AABFDCD91DFF37F00017EF64 /* Recording App.app */;
			productType = "com.apple.product-type.application";
		};
/* End PBXNativeTarget section */

/* Begin PBXProject section */
		AABFDCD11DFF37F00017EF64 /* Project object */ = {
			isa = PBXProject;
			attributes = {
				LastSwiftUpdateCheck = 0730;
				LastUpgradeCheck = 0730;
				ORGANIZATIONNAME = "Moses Apps";
				TargetAttributes = {
					AABFDCD81DFF37F00017EF64 = {
						CreatedOnToolsVersion = 7.3.1;
					};
				};
			};
			buildConfigurationList = AABFDCD41DFF37F00017EF64 /* Build configuration list for PBXProject "Recording App" */;
			compatibilityVersion = "Xcode 3.2";
			developmentRegion = English;
			hasScannedForEncodings = 0;
			knownRegions = (
				en,
				Base,
			);
			mainGroup = AABFDCD01DFF37F00017EF64;
			productRefGroup = AABFDCDA1DFF37F00017EF64 /* Products */;
			projectDirPath = "";
			projectRoot = "";
			targets = (
				AABFDCD81DFF37F00017EF64 /* Recording App */,
			);
		};
/* End PBXProject section */

/* Begin PBXResourcesBuildPhase section */
		AABFDCD71DFF37F00017EF64 /* Resources */ = {
			isa = PBXResourcesBuildPhase;
			buildActionMask = 2147483647;
			files = (
				AABFDCEA1DFF37F00017EF64 /* LaunchScreen.storyboard in Resources */,
				AABFDCE71DFF37F00017EF64 /* Assets.xcassets in Resources */,
				AABFDCE21DFF37F00017EF64 /* Main.storyboard in Resources */,
			);
			runOnlyForDeploymentPostprocessing = 0;
		};
/* End PBXResourcesBuildPhase section */

/* Begin PBXSourcesBuildPhase section */
		AABFDCD51DFF37F00017EF64 /* Sources */ = {
			isa = PBXSourcesBuildPhase;
			buildActionMask = 2147483647;
			files = (
				AABFDCDF1DFF37F00017EF64 /* ViewController.swift in Sources */,
				AABFDCDD1DFF37F00017EF64 /* AppDelegate.swift in Sources */,
				AABFDCE51DFF37F00017EF64 /* Recording_App.xcdatamodeld in Sources */,
			);
			runOnlyForDeploymentPostprocessing = 0;
		};
/* End PBXSourcesBuildPhase section */

/* Begin PBXVariantGroup section */
		AABFDCE01DFF37F00017EF64 /* Main.storyboard */ = {
			isa = PBXVariantGroup;
			children = (
				AABFDCE11DFF37F00017EF64 /* Base */,
			);
			name = Main.storyboard;
			sourceTree = "<group>";
		};
		AABFDCE81DFF37F00017EF64 /* LaunchScreen.storyboard */ = {
			isa = PBXVariantGroup;
			children = (
				AABFDCE91DFF37F00017EF64 /* Base */,
			);
			name = LaunchScreen.storyboard;
			sourceTree = "<group>";
		};
/* End PBXVariantGroup section */

/* Begin XCBuildConfiguration section */
		AABFDCEC1DFF37F00017EF64 /* Debug */ = {
			isa = XCBuildConfiguration;
			buildSettings = {
				ALWAYS_SEARCH_USER_PATHS = NO;
				CLANG_ANALYZER_NONNULL = YES;
				CLANG_CXX_LANGUAGE_STANDARD = "gnu++0x";
				CLANG_CXX_LIBRARY = "libc++";
				CLANG_ENABLE_MODULES = YES;
				CLANG_ENABLE_OBJC_ARC = YES;
				CLANG_WARN_BOOL_CONVERSION = YES;
				CLANG_WARN_CONSTANT_CONVERSION = YES;
				CLANG_WARN_DIRECT_OBJC_ISA_USAGE = YES_ERROR;
				CLANG_WARN_EMPTY_BODY = YES;
				CLANG_WARN_ENUM_CONVERSION = YES;
				CLANG_WARN_INT_CONVERSION = YES;
				CLANG_WARN_OBJC_ROOT_CLASS = YES_ERROR;
				CLANG_WARN_UNREACHABLE_CODE = YES;
				CLANG_WARN__DUPLICATE_METHOD_MATCH = YES;
				"CODE_SIGN_IDENTITY[sdk=iphoneos*]" = "iPhone Developer";
				COPY_PHASE_STRIP = NO;
				DEBUG_INFORMATION_FORMAT = dwarf;
				ENABLE_STRICT_OBJC_MSGSEND = YES;
				ENABLE_TESTABILITY = YES;
				GCC_C_LANGUAGE_STANDARD = gnu99;
				GCC_DYNAMIC_NO_PIC = NO;
				GCC_NO_COMMON_BLOCKS = YES;
				GCC_OPTIMIZATION_LEVEL = 0;
				GCC_PREPROCESSOR_DEFINITIONS = (
					"DEBUG=1",
					"$(inherited)",
				);
				GCC_WARN_64_TO_32_BIT_CONVERSION = YES;
				GCC_WARN_ABOUT_RETURN_TYPE = YES_ERROR;
				GCC_WARN_UNDECLARED_SELECTOR = YES;
				GCC_WARN_UNINITIALIZED_AUTOS = YES_AGGRESSIVE;
				GCC_WARN_UNUSED_FUNCTION = YES;
				GCC_WARN_UNUSED_VARIABLE = YES;
				IPHONEOS_DEPLOYMENT_TARGET = 9.3;
				MTL_ENABLE_DEBUG_INFO = YES;
				ONLY_ACTIVE_ARCH = YES;
				SDKROOT = iphoneos;
				SWIFT_OPTIMIZATION_LEVEL = "-Onone";
				TARGETED_DEVICE_FAMILY = "1,2";
			};
			name = Debug;
		};
		AABFDCED1DFF37F00017EF64 /* Release */ = {
			isa = XCBuildConfiguration;
			buildSettings = {
				ALWAYS_SEARCH_USER_PATHS = NO;
				CLANG_ANALYZER_NONNULL = YES;
				CLANG_CXX_LANGUAGE_STANDARD = "gnu++0x";
				CLANG_CXX_LIBRARY = "libc++";
				CLANG_ENABLE_MODULES = YES;
				CLANG_ENABLE_OBJC_ARC = YES;
				CLANG_WARN_BOOL_CONVERSION = YES;
				CLANG_WARN_CONSTANT_CONVERSION = YES;
				CLANG_WARN_DIRECT_OBJC_ISA_USAGE = YES_ERROR;
				CLANG_WARN_EMPTY_BODY = YES;
				CLANG_WARN_ENUM_CONVERSION = YES;
				CLANG_WARN_INT_CONVERSION = YES;
				CLANG_WARN_OBJC_ROOT_CLASS = YES_ERROR;
				CLANG_WARN_UNREACHABLE_CODE = YES;
				CLANG_WARN__DUPLICATE_METHOD_MATCH = YES;
				"CODE_SIGN_IDENTITY[sdk=iphoneos*]" = "iPhone Developer";
				COPY_PHASE_STRIP = NO;
				DEBUG_INFORMATION_FORMAT = "dwarf-with-dsym";
				ENABLE_NS_ASSERTIONS = NO;
				ENABLE_STRICT_OBJC_MSGSEND = YES;
				GCC_C_LANGUAGE_STANDARD = gnu99;
				GCC_NO_COMMON_BLOCKS = YES;
				GCC_WARN_64_TO_32_BIT_CONVERSION = YES;
				GCC_WARN_ABOUT_RETURN_TYPE = YES_ERROR;
				GCC_WARN_UNDECLARED_SELECTOR = YES;
				GCC_WARN_UNINITIALIZED_AUTOS = YES_AGGRESSIVE;
				GCC_WARN_UNUSED_FUNCTION = YES;
				GCC_WARN_UNUSED_VARIABLE = YES;
				IPHONEOS_DEPLOYMENT_TARGET = 9.3;
				MTL_ENABLE_DEBUG_INFO = NO;
				SDKROOT = iphoneos;
				TARGETED_DEVICE_FAMILY = "1,2";
				VALIDATE_PRODUCT = YES;
			};
			name = Release;
		};
		AABFDCEF1DFF37F00017EF64 /* Debug */ = {
			isa = XCBuildConfiguration;
			buildSettings = {
				ASSETCATALOG_COMPILER_APPICON_NAME = AppIcon;
				INFOPLIST_FILE = "Recording App/Info.plist";
				LD_RUNPATH_SEARCH_PATHS = "$(inherited) @executable_path/Frameworks";
				PRODUCT_BUNDLE_IDENTIFIER = "com.MosesApps.Recording-App";
				PRODUCT_NAME = "$(TARGET_NAME)";
			};
			name = Debug;
		};
		AABFDCF01DFF37F00017EF64 /* Release */ = {
			isa = XCBuildConfiguration;
			buildSettings = {
				ASSETCATALOG_COMPILER_APPICON_NAME = AppIcon;
				INFOPLIST_FILE = "Recording App/Info.plist";
				LD_RUNPATH_SEARCH_PATHS = "$(inherited) @executable_path/Frameworks";
				PRODUCT_BUNDLE_IDENTIFIER = "com.MosesApps.Recording-App";
				PRODUCT_NAME = "$(TARGET_NAME)";
			};
			name = Release;
		};
/* End XCBuildConfiguration section */

/* Begin XCConfigurationList section */
		AABFDCD41DFF37F00017EF64 /* Build configuration list for PBXProject "Recording App" */ = {
			isa = XCConfigurationList;
			buildConfigurations = (
				AABFDCEC1DFF37F00017EF64 /* Debug */,
				AABFDCED1DFF37F00017EF64 /* Release */,
			);
			defaultConfigurationIsVisible = 0;
			defaultConfigurationName = Release;
		};
		AABFDCEE1DFF37F00017EF64 /* Build configuration list for PBXNativeTarget "Recording App" */ = {
			isa = XCConfigurationList;
			buildConfigurations = (
				AABFDCEF1DFF37F00017EF64 /* Debug */,
				AABFDCF01DFF37F00017EF64 /* Release */,
			);
			defaultConfigurationIsVisible = 0;
		};
/* End XCConfigurationList section */

/* Begin XCVersionGroup section */
		AABFDCE31DFF37F00017EF64 /* Recording_App.xcdatamodeld */ = {
			isa = XCVersionGroup;
			children = (
				AABFDCE41DFF37F00017EF64 /* Recording_App.xcdatamodel */,
			);
			currentVersion = AABFDCE41DFF37F00017EF64 /* Recording_App.xcdatamodel */;
			path = Recording_App.xcdatamodeld;
			sourceTree = "<group>";
			versionGroupType = wrapper.xcdatamodel;
		};
/* End XCVersionGroup section */
	};
	rootObject = AABFDCD11DFF37F00017EF64 /* Project object */;
}
